<?xml version="1.0" encoding="utf-8"?>
<Project ToolsVersion="4.0" xmlns="http://schemas.microsoft.com/developer/msbuild/2003">
  <ItemGroup>
    <Filter Include="Header Files">
      <UniqueIdentifier>{f3e8195d-59a0-4eed-b476-0b0aa45c50a4}</UniqueIdentifier>
    </Filter>
    <Filter Include="Source Files">
      <UniqueIdentifier>{7de848af-2f83-4778-af80-d2dd178f246c}</UniqueIdentifier>
    </Filter>
  </ItemGroup>
  <ItemGroup>
    <ClCompile Include="src\ArgHandler.cpp">
      <Filter>Source Files</Filter>
    </ClCompile>
    <ClCompile Include="src\Utility.cpp">
      <Filter>Source Files</Filter>
    </ClCompile>
    <ClCompile Include="src\VTFFile.cpp">
      <Filter>Source Files</Filter>
    </ClCompile>
  </ItemGroup>
  <ItemGroup>
    <ClInclude Include="inc\ArgHandler.h">
      <Filter>Header Files</Filter>
    </ClInclude>
    <ClInclude Include="inc\Utility.h">
      <Filter>Header Files</Filter>
    </ClInclude>
    <ClInclude Include="inc\Logging.h">
      <Filter>Header Files</Filter>
    </ClInclude>
    <ClInclude Include="inc\basicmath.h">
      <Filter>Header Files</Filter>
    </ClInclude>
    <ClInclude Include="inc\imageformat.h">
      <Filter>Header Files</Filter>
    </ClInclude>
    <ClInclude Include="inc\VTFDXTn.h">
      <Filter>Header Files</Filter>
    </ClInclude>
    <ClInclude Include="inc\VTFFile.h">
      <Filter>Header Files</Filter>
    </ClInclude>
  </ItemGroup>
</Project>